
Microsoft Visual Studio Solution File, Format Version 12.00
# Visual Studio Version 16
VisualStudioVersion = 16.0.30804.86
MinimumVisualStudioVersion = 10.0.40219.1
Project("{FAE04EC0-301F-11D3-BF4B-00C04F79EFBC}") = "the-100-api", "the-100-api\the-100-api.csproj", "{71A0ADCD-CFC7-4977-BC81-F6C10EB9972B}"
EndProject
Global
	GlobalSection(SolutionConfigurationPlatforms) = preSolution
		Debug|Any CPU = Debug|Any CPU
		Release|Any CPU = Release|Any CPU
	EndGlobalSection
	GlobalSection(ProjectConfigurationPlatforms) = postSolution
		{71A0ADCD-CFC7-4977-BC81-F6C10EB9972B}.Debug|Any CPU.ActiveCfg = Debug|Any CPU
		{71A0ADCD-CFC7-4977-BC81-F6C10EB9972B}.Debug|Any CPU.Build.0 = Debug|Any CPU
		{71A0ADCD-CFC7-4977-BC81-F6C10EB9972B}.Release|Any CPU.ActiveCfg = Release|Any CPU
		{71A0ADCD-CFC7-4977-BC81-F6C10EB9972B}.Release|Any CPU.Build.0 = Release|Any CPU
	EndGlobalSection
	GlobalSection(SolutionProperties) = preSolution
		HideSolutionNode = FALSE
	EndGlobalSection
	GlobalSection(ExtensibilityGlobals) = postSolution
		SolutionGuid = {A1B04842-B60A-4CB4-B41E-1F2902B444F6}
	EndGlobalSection
EndGlobal
